
Microsoft Visual Studio Solution File, Format Version 12.00
# Visual Studio Version 17
VisualStudioVersion = 17.5.33530.505
MinimumVisualStudioVersion = 10.0.40219.1
Project("{8BC9CEB8-8B4A-11D0-8D11-00A0C91BC942}") = "BBTAN", "BBTAN\BBTAN.vcxproj", "{F6CD9420-3E4E-4BD9-A7AB-5F1006951D13}"
EndProject
Global
	GlobalSection(SolutionConfigurationPlatforms) = preSolution
		Debug|x64 = Debug|x64
		Debug|x86 = Debug|x86
		Release|x64 = Release|x64
		Release|x86 = Release|x86
	EndGlobalSection
	GlobalSection(ProjectConfigurationPlatforms) = postSolution
		{F6CD9420-3E4E-4BD9-A7AB-5F1006951D13}.Debug|x64.ActiveCfg = Debug|x64
		{F6CD9420-3E4E-4BD9-A7AB-5F1006951D13}.Debug|x64.Build.0 = Debug|x64
		{F6CD9420-3E4E-4BD9-A7AB-5F1006951D13}.Debug|x86.ActiveCfg = Debug|Win32
		{F6CD9420-3E4E-4BD9-A7AB-5F1006951D13}.Debug|x86.Build.0 = Debug|Win32
		{F6CD9420-3E4E-4BD9-A7AB-5F1006951D13}.Release|x64.ActiveCfg = Release|x64
		{F6CD9420-3E4E-4BD9-A7AB-5F1006951D13}.Release|x64.Build.0 = Release|x64
		{F6CD9420-3E4E-4BD9-A7AB-5F1006951D13}.Release|x86.ActiveCfg = Release|Win32
		{F6CD9420-3E4E-4BD9-A7AB-5F1006951D13}.Release|x86.Build.0 = Release|Win32
	EndGlobalSection
	GlobalSection(SolutionProperties) = preSolution
		HideSolutionNode = FALSE
	EndGlobalSection
	GlobalSection(ExtensibilityGlobals) = postSolution
		SolutionGuid = {F7501DEF-3DF8-49B2-A469-28FA14CF1722}
	EndGlobalSection
EndGlobal
